
Microsoft Visual Studio Solution File, Format Version 12.00
# Visual Studio Version 16
VisualStudioVersion = 25.0.1706.14
MinimumVisualStudioVersion = 10.0.40219.1
Project("{FAE04EC0-301F-11D3-BF4B-00C04F79EFBC}") = "Fall2024-FinalProject", "Fall2024-FinalProject\Fall2024-FinalProject.csproj", "{29251E3C-CF2A-4FEE-AE73-AB477A45021D}"
EndProject
Global
	GlobalSection(SolutionConfigurationPlatforms) = preSolution
		Debug|Any CPU = Debug|Any CPU
		Release|Any CPU = Release|Any CPU
	EndGlobalSection
	GlobalSection(ProjectConfigurationPlatforms) = postSolution
		{29251E3C-CF2A-4FEE-AE73-AB477A45021D}.Debug|Any CPU.ActiveCfg = Debug|Any CPU
		{29251E3C-CF2A-4FEE-AE73-AB477A45021D}.Debug|Any CPU.Build.0 = Debug|Any CPU
		{29251E3C-CF2A-4FEE-AE73-AB477A45021D}.Release|Any CPU.ActiveCfg = Release|Any CPU
		{29251E3C-CF2A-4FEE-AE73-AB477A45021D}.Release|Any CPU.Build.0 = Release|Any CPU
	EndGlobalSection
	GlobalSection(SolutionProperties) = preSolution
		HideSolutionNode = FALSE
	EndGlobalSection
	GlobalSection(ExtensibilityGlobals) = postSolution
		SolutionGuid = {4AB02F7D-F1FE-4225-991A-659368ADE686}
	EndGlobalSection
EndGlobal
